
Microsoft Visual Studio Solution File, Format Version 12.00
# Visual Studio Version 16
VisualStudioVersion = 16.0.29519.181
MinimumVisualStudioVersion = 10.0.40219.1
Project("{FAE04EC0-301F-11D3-BF4B-00C04F79EFBC}") = "WebApplication", "WebApplication\WebApplication.csproj", "{48E16628-DC7C-44FC-BB1C-418B7781DC9A}"
EndProject
Global
	GlobalSection(SolutionConfigurationPlatforms) = preSolution
		Debug|Any CPU = Debug|Any CPU
		Release|Any CPU = Release|Any CPU
	EndGlobalSection
	GlobalSection(ProjectConfigurationPlatforms) = postSolution
		{48E16628-DC7C-44FC-BB1C-418B7781DC9A}.Debug|Any CPU.ActiveCfg = Debug|Any CPU
		{48E16628-DC7C-44FC-BB1C-418B7781DC9A}.Debug|Any CPU.Build.0 = Debug|Any CPU
		{48E16628-DC7C-44FC-BB1C-418B7781DC9A}.Release|Any CPU.ActiveCfg = Release|Any CPU
		{48E16628-DC7C-44FC-BB1C-418B7781DC9A}.Release|Any CPU.Build.0 = Release|Any CPU
	EndGlobalSection
	GlobalSection(SolutionProperties) = preSolution
		HideSolutionNode = FALSE
	EndGlobalSection
	GlobalSection(ExtensibilityGlobals) = postSolution
		SolutionGuid = {59FDCA00-BED7-49EB-9360-0EE271A77776}
	EndGlobalSection
EndGlobal
